
Microsoft Visual Studio Solution File, Format Version 12.00
# Visual Studio Version 16
VisualStudioVersion = 16.0.31605.320
MinimumVisualStudioVersion = 10.0.40219.1
Project("{FAE04EC0-301F-11D3-BF4B-00C04F79EFBC}") = "ERA.Web", "ERA.Web\ERA.Web.csproj", "{9BE81152-108F-4CB5-924E-C9900A940079}"
EndProject
Project("{FAE04EC0-301F-11D3-BF4B-00C04F79EFBC}") = "ERA.Data", "ERA.Data\ERA.Data.csproj", "{06E4706E-9199-46E4-ACA5-1CAA1A2B86C9}"
EndProject
Global
	GlobalSection(SolutionConfigurationPlatforms) = preSolution
		Debug|Any CPU = Debug|Any CPU
		Release|Any CPU = Release|Any CPU
	EndGlobalSection
	GlobalSection(ProjectConfigurationPlatforms) = postSolution
		{9BE81152-108F-4CB5-924E-C9900A940079}.Debug|Any CPU.ActiveCfg = Debug|Any CPU
		{9BE81152-108F-4CB5-924E-C9900A940079}.Debug|Any CPU.Build.0 = Debug|Any CPU
		{9BE81152-108F-4CB5-924E-C9900A940079}.Release|Any CPU.ActiveCfg = Release|Any CPU
		{9BE81152-108F-4CB5-924E-C9900A940079}.Release|Any CPU.Build.0 = Release|Any CPU
		{06E4706E-9199-46E4-ACA5-1CAA1A2B86C9}.Debug|Any CPU.ActiveCfg = Debug|Any CPU
		{06E4706E-9199-46E4-ACA5-1CAA1A2B86C9}.Debug|Any CPU.Build.0 = Debug|Any CPU
		{06E4706E-9199-46E4-ACA5-1CAA1A2B86C9}.Release|Any CPU.ActiveCfg = Release|Any CPU
		{06E4706E-9199-46E4-ACA5-1CAA1A2B86C9}.Release|Any CPU.Build.0 = Release|Any CPU
	EndGlobalSection
	GlobalSection(SolutionProperties) = preSolution
		HideSolutionNode = FALSE
	EndGlobalSection
	GlobalSection(ExtensibilityGlobals) = postSolution
		SolutionGuid = {E89A7A45-AA30-478C-84C7-317C2FEEB822}
	EndGlobalSection
EndGlobal
